
Microsoft Visual Studio Solution File, Format Version 12.00
# Visual Studio 15
VisualStudioVersion = 15.0.26228.4
MinimumVisualStudioVersion = 10.0.40219.1
Project("{FAE04EC0-301F-11D3-BF4B-00C04F79EFBC}") = "MVC.Core", "MVC.Core\MVC.Core.csproj", "{FD112AC8-1454-48A9-85BD-D52D451F972B}"
EndProject
Project("{FAE04EC0-301F-11D3-BF4B-00C04F79EFBC}") = "MVC.Console", "MVC.Console\MVC.Console.csproj", "{A3BC87CC-4CF2-4E6A-975E-92697C762084}"
EndProject
Project("{FAE04EC0-301F-11D3-BF4B-00C04F79EFBC}") = "MVC.Wpf", "MVC.Wpf\MVC.Wpf.csproj", "{E4D7A20D-CBE1-4EB2-BD18-F252C28CFB64}"
EndProject
Global
	GlobalSection(SolutionConfigurationPlatforms) = preSolution
		Debug|Any CPU = Debug|Any CPU
		Release|Any CPU = Release|Any CPU
	EndGlobalSection
	GlobalSection(ProjectConfigurationPlatforms) = postSolution
		{FD112AC8-1454-48A9-85BD-D52D451F972B}.Debug|Any CPU.ActiveCfg = Debug|Any CPU
		{FD112AC8-1454-48A9-85BD-D52D451F972B}.Debug|Any CPU.Build.0 = Debug|Any CPU
		{FD112AC8-1454-48A9-85BD-D52D451F972B}.Release|Any CPU.ActiveCfg = Release|Any CPU
		{FD112AC8-1454-48A9-85BD-D52D451F972B}.Release|Any CPU.Build.0 = Release|Any CPU
		{A3BC87CC-4CF2-4E6A-975E-92697C762084}.Debug|Any CPU.ActiveCfg = Debug|Any CPU
		{A3BC87CC-4CF2-4E6A-975E-92697C762084}.Debug|Any CPU.Build.0 = Debug|Any CPU
		{A3BC87CC-4CF2-4E6A-975E-92697C762084}.Release|Any CPU.ActiveCfg = Release|Any CPU
		{A3BC87CC-4CF2-4E6A-975E-92697C762084}.Release|Any CPU.Build.0 = Release|Any CPU
		{E4D7A20D-CBE1-4EB2-BD18-F252C28CFB64}.Debug|Any CPU.ActiveCfg = Debug|Any CPU
		{E4D7A20D-CBE1-4EB2-BD18-F252C28CFB64}.Debug|Any CPU.Build.0 = Debug|Any CPU
		{E4D7A20D-CBE1-4EB2-BD18-F252C28CFB64}.Release|Any CPU.ActiveCfg = Release|Any CPU
		{E4D7A20D-CBE1-4EB2-BD18-F252C28CFB64}.Release|Any CPU.Build.0 = Release|Any CPU
	EndGlobalSection
	GlobalSection(SolutionProperties) = preSolution
		HideSolutionNode = FALSE
	EndGlobalSection
EndGlobal
